
Microsoft Visual Studio Solution File, Format Version 12.00
# Visual Studio Version 17
VisualStudioVersion = 17.4.32916.344
MinimumVisualStudioVersion = 10.0.40219.1
Project("{9A19103F-16F7-4668-BE54-9A1E7A4F7556}") = "RegexNet7", "RegexNet7.csproj", "{0CA80EFB-86E6-494D-A11C-66EFEF142E57}"
EndProject
Global
	GlobalSection(SolutionConfigurationPlatforms) = preSolution
		Debug|Any CPU = Debug|Any CPU
		Release|Any CPU = Release|Any CPU
	EndGlobalSection
	GlobalSection(ProjectConfigurationPlatforms) = postSolution
		{0CA80EFB-86E6-494D-A11C-66EFEF142E57}.Debug|Any CPU.ActiveCfg = Debug|Any CPU
		{0CA80EFB-86E6-494D-A11C-66EFEF142E57}.Debug|Any CPU.Build.0 = Debug|Any CPU
		{0CA80EFB-86E6-494D-A11C-66EFEF142E57}.Release|Any CPU.ActiveCfg = Release|Any CPU
		{0CA80EFB-86E6-494D-A11C-66EFEF142E57}.Release|Any CPU.Build.0 = Release|Any CPU
	EndGlobalSection
	GlobalSection(SolutionProperties) = preSolution
		HideSolutionNode = FALSE
	EndGlobalSection
	GlobalSection(ExtensibilityGlobals) = postSolution
		SolutionGuid = {D4EFBA05-8F50-4205-92E9-0A3E5B531A33}
	EndGlobalSection
EndGlobal
